
Microsoft Visual Studio Solution File, Format Version 12.00
# Visual Studio Version 17
VisualStudioVersion = 17.5.002.0
MinimumVisualStudioVersion = 10.0.40219.1
Project("{2150E333-8FDC-42A3-9474-1A3956D46DE8}") = "Back", "Back", "{4E0EFFC7-285C-43B8-9F19-C5333BE6A351}"
EndProject
Project("{2150E333-8FDC-42A3-9474-1A3956D46DE8}") = "src", "src", "{33A0BEFE-E296-42AB-8943-272C1D7B7E43}"
EndProject
Project("{9A19103F-16F7-4668-BE54-9A1E7A4F7556}") = "MeuProEvento.API", "Back\src\MeuProEvento.API\MeuProEvento.API.csproj", "{4A0923C3-7084-457A-A149-CC5186B46DE0}"
EndProject
Global
	GlobalSection(SolutionConfigurationPlatforms) = preSolution
		Debug|Any CPU = Debug|Any CPU
		Release|Any CPU = Release|Any CPU
	EndGlobalSection
	GlobalSection(ProjectConfigurationPlatforms) = postSolution
		{4A0923C3-7084-457A-A149-CC5186B46DE0}.Debug|Any CPU.ActiveCfg = Debug|Any CPU
		{4A0923C3-7084-457A-A149-CC5186B46DE0}.Debug|Any CPU.Build.0 = Debug|Any CPU
		{4A0923C3-7084-457A-A149-CC5186B46DE0}.Release|Any CPU.ActiveCfg = Release|Any CPU
		{4A0923C3-7084-457A-A149-CC5186B46DE0}.Release|Any CPU.Build.0 = Release|Any CPU
	EndGlobalSection
	GlobalSection(SolutionProperties) = preSolution
		HideSolutionNode = FALSE
	EndGlobalSection
	GlobalSection(NestedProjects) = preSolution
		{33A0BEFE-E296-42AB-8943-272C1D7B7E43} = {4E0EFFC7-285C-43B8-9F19-C5333BE6A351}
		{4A0923C3-7084-457A-A149-CC5186B46DE0} = {33A0BEFE-E296-42AB-8943-272C1D7B7E43}
	EndGlobalSection
	GlobalSection(ExtensibilityGlobals) = postSolution
		SolutionGuid = {C6F21216-C13E-4424-95AA-93DB1A684614}
	EndGlobalSection
EndGlobal
